PODS:
  - AFNetworking (2.6.3):
    - AFNetworking/NSURLConnection (= 2.6.3)
    - AFNetworking/NSURLSession (= 2.6.3)
    - AFNetworking/Reachability (= 2.6.3)
    - AFNetworking/Security (= 2.6.3)
    - AFNetworking/Serialization (= 2.6.3)
    - AFNetworking/UIKit (= 2.6.3)
  - AFNetworking/NSURLConnection (2.6.3):
    - AFNetworking/Reachability
    - AFNetworking/Security
    - AFNetworking/Serialization
  - AFNetworking/NSURLSession (2.6.3):
    - AFNetworking/Reachability
    - AFNetworking/Security
    - AFNetworking/Serialization
  - AFNetworking/Reachability (2.6.3)
  - AFNetworking/Security (2.6.3)
  - AFNetworking/Serialization (2.6.3)
  - AFNetworking/UIKit (2.6.3):
    - AFNetworking/NSURLConnection
    - AFNetworking/NSURLSession
  - CocoaLumberjack (2.2.0):
    - CocoaLumberjack/Default (= 2.2.0)
    - CocoaLumberjack/Extensions (= 2.2.0)
  - CocoaLumberjack/Core (2.2.0)
  - CocoaLumberjack/Default (2.2.0):
    - CocoaLumberjack/Core
  - CocoaLumberjack/Extensions (2.2.0):
    - CocoaLumberjack/Default
  - Mantle (2.0.5):
    - Mantle/extobjc (= 2.0.5)
  - Mantle/extobjc (2.0.5)
  - Mixpanel (2.9.0):
    - Mixpanel/Mixpanel (= 2.9.0)
  - Mixpanel/Mixpanel (2.9.0)
  - Reachability (3.2)
  - YapDatabase (2.7.6):
    - YapDatabase/standard (= 2.7.6)
  - YapDatabase/standard (2.7.6):
    - CocoaLumberjack (~> 2)

DEPENDENCIES:
  - AFNetworking (~> 2.4)
  - Mantle
  - Mixpanel
  - Reachability
  - YapDatabase

SPEC CHECKSUMS:
  AFNetworking: cb8d14a848e831097108418f5d49217339d4eb60
  CocoaLumberjack: 17fe8581f84914d5d7e6360f7c70022b173c3ae0
  Mantle: 1912395033f601de5adc8ee91e48f46e4c7051ad
  Mixpanel: 42ae6168effc48481d957f7883dd8514a398738d
  Reachability: 33e18b67625424e47b6cde6d202dce689ad7af96
  YapDatabase: 00e5a5d1b5dba1bd540ef644576233b5612e6122

COCOAPODS: 0.38.2
